// !$*UTF8*$!
{
	archiveVersion = 1;
	classes = {
	};
	objectVersion = 55;
	objects = {

/* Begin PBXBuildFile section */
		784F0B2B295164B400CEB6E1 /* RepeatoImpl.m in Sources */ = {isa = PBXBuildFile; fileRef = 784F0B27295164B400CEB6E1 /* RepeatoImpl.m */; };
		78A32F2929EDE36800CC4B6C /* InfoMessages.h in Sources */ = {isa = PBXBuildFile; fileRef = 78A32F2829EDE36800CC4B6C /* InfoMessages.h */; };
		78BB92D1292B2D12007DFB57 /* AppDelegate.swift in Sources */ = {isa = PBXBuildFile; fileRef = 78BB92D0292B2D12007DFB57 /* AppDelegate.swift */; };
		78BB92D3292B2D12007DFB57 /* SceneDelegate.swift in Sources */ = {isa = PBXBuildFile; fileRef = 78BB92D2292B2D12007DFB57 /* SceneDelegate.swift */; };
		78BB92D5292B2D12007DFB57 /* ViewController.swift in Sources */ = {isa = PBXBuildFile; fileRef = 78BB92D4292B2D12007DFB57 /* ViewController.swift */; };
		78BB92D8292B2D12007DFB57 /* Main.storyboard in Resources */ = {isa = PBXBuildFile; fileRef = 78BB92D6292B2D12007DFB57 /* Main.storyboard */; };
		78BB92DA292B2D14007DFB57 /* Assets.xcassets in Resources */ = {isa = PBXBuildFile; fileRef = 78BB92D9292B2D14007DFB57 /* Assets.xcassets */; };
		78BB92DD292B2D15007DFB57 /* LaunchScreen.storyboard in Resources */ = {isa = PBXBuildFile; fileRef = 78BB92DB292B2D15007DFB57 /* LaunchScreen.storyboard */; };
/* End PBXBuildFile section */

/* Begin PBXFileReference section */
		784F0B27295164B400CEB6E1 /* RepeatoImpl.m */ = {isa = PBXFileReference; fileEncoding = 4; lastKnownFileType = sourcecode.c.objc; path = RepeatoImpl.m; sourceTree = "<group>"; };
		784F0B28295164B400CEB6E1 /* RepeatoHeaders.h */ = {isa = PBXFileReference; fileEncoding = 4; lastKnownFileType = sourcecode.c.h; path = RepeatoHeaders.h; sourceTree = "<group>"; };
		784F0B29295164B400CEB6E1 /* RepeatoCapture.h */ = {isa = PBXFileReference; fileEncoding = 4; lastKnownFileType = sourcecode.c.h; path = RepeatoCapture.h; sourceTree = "<group>"; };
		78A32F2829EDE36800CC4B6C /* InfoMessages.h */ = {isa = PBXFileReference; lastKnownFileType = sourcecode.c.h; path = InfoMessages.h; sourceTree = "<group>"; };
		78A894AE29EEBB2F0013F6DD /* Logger.h */ = {isa = PBXFileReference; lastKnownFileType = sourcecode.c.h; path = Logger.h; sourceTree = "<group>"; };
		78BB92CD292B2D12007DFB57 /* Repeato.app */ = {isa = PBXFileReference; explicitFileType = wrapper.application; includeInIndex = 0; path = Repeato.app; sourceTree = BUILT_PRODUCTS_DIR; };
		78BB92D0292B2D12007DFB57 /* AppDelegate.swift */ = {isa = PBXFileReference; lastKnownFileType = sourcecode.swift; path = AppDelegate.swift; sourceTree = "<group>"; };
		78BB92D2292B2D12007DFB57 /* SceneDelegate.swift */ = {isa = PBXFileReference; lastKnownFileType = sourcecode.swift; path = SceneDelegate.swift; sourceTree = "<group>"; };
		78BB92D4292B2D12007DFB57 /* ViewController.swift */ = {isa = PBXFileReference; lastKnownFileType = sourcecode.swift; path = ViewController.swift; sourceTree = "<group>"; };
		78BB92D7292B2D12007DFB57 /* Base */ = {isa = PBXFileReference; lastKnownFileType = file.storyboard; name = Base; path = Base.lproj/Main.storyboard; sourceTree = "<group>"; };
		78BB92D9292B2D14007DFB57 /* Assets.xcassets */ = {isa = PBXFileReference; lastKnownFileType = folder.assetcatalog; path = Assets.xcassets; sourceTree = "<group>"; };
		78BB92DC292B2D15007DFB57 /* Base */ = {isa = PBXFileReference; lastKnownFileType = file.storyboard; name = Base; path = Base.lproj/LaunchScreen.storyboard; sourceTree = "<group>"; };
		78BB92DE292B2D15007DFB57 /* Info.plist */ = {isa = PBXFileReference; lastKnownFileType = text.plist.xml; path = Info.plist; sourceTree = "<group>"; };
/* End PBXFileReference section */

/* Begin PBXFrameworksBuildPhase section */
		78BB92CA292B2D12007DFB57 /* Frameworks */ = {
			isa = PBXFrameworksBuildPhase;
			buildActionMask = 2147483647;
			files = (
			);
			runOnlyForDeploymentPostprocessing = 0;
		};
/* End PBXFrameworksBuildPhase section */

/* Begin PBXGroup section */
		784F0B24295164B400CEB6E1 /* Sources */ = {
			isa = PBXGroup;
			children = (
				784F0B25295164B400CEB6E1 /* RepeatoCapture */,
			);
			path = Sources;
			sourceTree = "<group>";
		};
		784F0B25295164B400CEB6E1 /* RepeatoCapture */ = {
			isa = PBXGroup;
			children = (
				784F0B26295164B400CEB6E1 /* include */,
			);
			path = RepeatoCapture;
			sourceTree = "<group>";
		};
		784F0B26295164B400CEB6E1 /* include */ = {
			isa = PBXGroup;
			children = (
				784F0B27295164B400CEB6E1 /* RepeatoImpl.m */,
				78A894AE29EEBB2F0013F6DD /* Logger.h */,
				784F0B28295164B400CEB6E1 /* RepeatoHeaders.h */,
				784F0B29295164B400CEB6E1 /* RepeatoCapture.h */,
				78A32F2829EDE36800CC4B6C /* InfoMessages.h */,
			);
			path = include;
			sourceTree = "<group>";
		};
		78BB92C4292B2D12007DFB57 = {
			isa = PBXGroup;
			children = (
				784F0B24295164B400CEB6E1 /* Sources */,
				78BB92CF292B2D12007DFB57 /* Demo */,
				78BB92CE292B2D12007DFB57 /* Products */,
			);
			sourceTree = "<group>";
		};
		78BB92CE292B2D12007DFB57 /* Products */ = {
			isa = PBXGroup;
			children = (
				78BB92CD292B2D12007DFB57 /* Repeato.app */,
			);
			name = Products;
			sourceTree = "<group>";
		};
		78BB92CF292B2D12007DFB57 /* Demo */ = {
			isa = PBXGroup;
			children = (
				78BB92D0292B2D12007DFB57 /* AppDelegate.swift */,
				78BB92D2292B2D12007DFB57 /* SceneDelegate.swift */,
				78BB92D4292B2D12007DFB57 /* ViewController.swift */,
				78BB92D6292B2D12007DFB57 /* Main.storyboard */,
				78BB92D9292B2D14007DFB57 /* Assets.xcassets */,
				78BB92DB292B2D15007DFB57 /* LaunchScreen.storyboard */,
				78BB92DE292B2D15007DFB57 /* Info.plist */,
			);
			path = Demo;
			sourceTree = "<group>";
		};
/* End PBXGroup section */

/* Begin PBXNativeTarget section */
		78BB92CC292B2D12007DFB57 /* Repeato */ = {
			isa = PBXNativeTarget;
			buildConfigurationList = 78BB92E1292B2D15007DFB57 /* Build configuration list for PBXNativeTarget "Repeato" */;
			buildPhases = (
				78BB92C9292B2D12007DFB57 /* Sources */,
				78BB92CA292B2D12007DFB57 /* Frameworks */,
				78BB92CB292B2D12007DFB57 /* Resources */,
			);
			buildRules = (
			);
			dependencies = (
			);
			name = Repeato;
			productName = Demo2;
			productReference = 78BB92CD292B2D12007DFB57 /* Repeato.app */;
			productType = "com.apple.product-type.application";
		};
/* End PBXNativeTarget section */

/* Begin PBXProject section */
		78BB92C5292B2D12007DFB57 /* Project object */ = {
			isa = PBXProject;
			attributes = {
				BuildIndependentTargetsInParallel = 1;
				LastSwiftUpdateCheck = 1340;
				LastUpgradeCheck = 1340;
				TargetAttributes = {
					78BB92CC292B2D12007DFB57 = {
						CreatedOnToolsVersion = 13.4.1;
						LastSwiftMigration = 1340;
					};
				};
			};
			buildConfigurationList = 78BB92C8292B2D12007DFB57 /* Build configuration list for PBXProject "Repeato" */;
			compatibilityVersion = "Xcode 13.0";
			developmentRegion = en;
			hasScannedForEncodings = 0;
			knownRegions = (
				en,
				Base,
			);
			mainGroup = 78BB92C4292B2D12007DFB57;
			productRefGroup = 78BB92CE292B2D12007DFB57 /* Products */;
			projectDirPath = "";
			projectRoot = "";
			targets = (
				78BB92CC292B2D12007DFB57 /* Repeato */,
			);
		};
/* End PBXProject section */

/* Begin PBXResourcesBuildPhase section */
		78BB92CB292B2D12007DFB57 /* Resources */ = {
			isa = PBXResourcesBuildPhase;
			buildActionMask = 2147483647;
			files = (
				78BB92DD292B2D15007DFB57 /* LaunchScreen.storyboard in Resources */,
				78BB92DA292B2D14007DFB57 /* Assets.xcassets in Resources */,
				78BB92D8292B2D12007DFB57 /* Main.storyboard in Resources */,
			);
			runOnlyForDeploymentPostprocessing = 0;
		};
/* End PBXResourcesBuildPhase section */

/* Begin PBXSourcesBuildPhase section */
		78BB92C9292B2D12007DFB57 /* Sources */ = {
			isa = PBXSourcesBuildPhase;
			buildActionMask = 2147483647;
			files = (
				78BB92D5292B2D12007DFB57 /* ViewController.swift in Sources */,
				784F0B2B295164B400CEB6E1 /* RepeatoImpl.m in Sources */,
				78BB92D1292B2D12007DFB57 /* AppDelegate.swift in Sources */,
				78BB92D3292B2D12007DFB57 /* SceneDelegate.swift in Sources */,
				78A32F2929EDE36800CC4B6C /* InfoMessages.h in Sources */,
			);
			runOnlyForDeploymentPostprocessing = 0;
		};
/* End PBXSourcesBuildPhase section */

/* Begin PBXVariantGroup section */
		78BB92D6292B2D12007DFB57 /* Main.storyboard */ = {
			isa = PBXVariantGroup;
			children = (
				78BB92D7292B2D12007DFB57 /* Base */,
			);
			name = Main.storyboard;
			sourceTree = "<group>";
		};
		78BB92DB292B2D15007DFB57 /* LaunchScreen.storyboard */ = {
			isa = PBXVariantGroup;
			children = (
				78BB92DC292B2D15007DFB57 /* Base */,
			);
			name = LaunchScreen.storyboard;
			sourceTree = "<group>";
		};
/* End PBXVariantGroup section */

/* Begin XCBuildConfiguration section */
		78BB92DF292B2D15007DFB57 /* Debug */ = {
			isa = XCBuildConfiguration;
			buildSettings = {
				ALWAYS_SEARCH_USER_PATHS = NO;
				CLANG_ANALYZER_NONNULL = YES;
				CLANG_ANALYZER_NUMBER_OBJECT_CONVERSION = YES_AGGRESSIVE;
				CLANG_CXX_LANGUAGE_STANDARD = "gnu++17";
				CLANG_ENABLE_MODULES = YES;
				CLANG_ENABLE_OBJC_ARC = YES;
				CLANG_ENABLE_OBJC_WEAK = YES;
				CLANG_WARN_BLOCK_CAPTURE_AUTORELEASING = YES;
				CLANG_WARN_BOOL_CONVERSION = YES;
				CLANG_WARN_COMMA = YES;
				CLANG_WARN_CONSTANT_CONVERSION = YES;
				CLANG_WARN_DEPRECATED_OBJC_IMPLEMENTATIONS = YES;
				CLANG_WARN_DIRECT_OBJC_ISA_USAGE = YES_ERROR;
				CLANG_WARN_DOCUMENTATION_COMMENTS = YES;
				CLANG_WARN_EMPTY_BODY = YES;
				CLANG_WARN_ENUM_CONVERSION = YES;
				CLANG_WARN_INFINITE_RECURSION = YES;
				CLANG_WARN_INT_CONVERSION = YES;
				CLANG_WARN_NON_LITERAL_NULL_CONVERSION = YES;
				CLANG_WARN_OBJC_IMPLICIT_RETAIN_SELF = YES;
				CLANG_WARN_OBJC_LITERAL_CONVERSION = YES;
				CLANG_WARN_OBJC_ROOT_CLASS = YES_ERROR;
				CLANG_WARN_QUOTED_INCLUDE_IN_FRAMEWORK_HEADER = YES;
				CLANG_WARN_RANGE_LOOP_ANALYSIS = YES;
				CLANG_WARN_STRICT_PROTOTYPES = YES;
				CLANG_WARN_SUSPICIOUS_MOVE = YES;
				CLANG_WARN_UNGUARDED_AVAILABILITY = YES_AGGRESSIVE;
				CLANG_WARN_UNREACHABLE_CODE = YES;
				CLANG_WARN__DUPLICATE_METHOD_MATCH = YES;
				COPY_PHASE_STRIP = NO;
				DEBUG_INFORMATION_FORMAT = dwarf;
				ENABLE_STRICT_OBJC_MSGSEND = YES;
				ENABLE_TESTABILITY = YES;
				GCC_C_LANGUAGE_STANDARD = gnu11;
				GCC_DYNAMIC_NO_PIC = NO;
				GCC_NO_COMMON_BLOCKS = YES;
				GCC_OPTIMIZATION_LEVEL = 0;
				GCC_PREPROCESSOR_DEFINITIONS = (
					"DEBUG=1",
					"$(inherited)",
				);
				GCC_WARN_64_TO_32_BIT_CONVERSION = YES;
				GCC_WARN_ABOUT_RETURN_TYPE = YES_ERROR;
				GCC_WARN_UNDECLARED_SELECTOR = YES;
				GCC_WARN_UNINITIALIZED_AUTOS = YES_AGGRESSIVE;
				GCC_WARN_UNUSED_FUNCTION = YES;
				GCC_WARN_UNUSED_VARIABLE = YES;
				IPHONEOS_DEPLOYMENT_TARGET = 15.5;
				MTL_ENABLE_DEBUG_INFO = INCLUDE_SOURCE;
				MTL_FAST_MATH = YES;
				ONLY_ACTIVE_ARCH = YES;
				SDKROOT = iphoneos;
				SWIFT_ACTIVE_COMPILATION_CONDITIONS = DEBUG;
				SWIFT_OPTIMIZATION_LEVEL = "-Onone";
			};
			name = Debug;
		};
		78BB92E0292B2D15007DFB57 /* Release */ = {
			isa = XCBuildConfiguration;
			buildSettings = {
				ALWAYS_SEARCH_USER_PATHS = NO;
				CLANG_ANALYZER_NONNULL = YES;
				CLANG_ANALYZER_NUMBER_OBJECT_CONVERSION = YES_AGGRESSIVE;
				CLANG_CXX_LANGUAGE_STANDARD = "gnu++17";
				CLANG_ENABLE_MODULES = YES;
				CLANG_ENABLE_OBJC_ARC = YES;
				CLANG_ENABLE_OBJC_WEAK = YES;
				CLANG_WARN_BLOCK_CAPTURE_AUTORELEASING = YES;
				CLANG_WARN_BOOL_CONVERSION = YES;
				CLANG_WARN_COMMA = YES;
				CLANG_WARN_CONSTANT_CONVERSION = YES;
				CLANG_WARN_DEPRECATED_OBJC_IMPLEMENTATIONS = YES;
				CLANG_WARN_DIRECT_OBJC_ISA_USAGE = YES_ERROR;
				CLANG_WARN_DOCUMENTATION_COMMENTS = YES;
				CLANG_WARN_EMPTY_BODY = YES;
				CLANG_WARN_ENUM_CONVERSION = YES;
				CLANG_WARN_INFINITE_RECURSION = YES;
				CLANG_WARN_INT_CONVERSION = YES;
				CLANG_WARN_NON_LITERAL_NULL_CONVERSION = YES;
				CLANG_WARN_OBJC_IMPLICIT_RETAIN_SELF = YES;
				CLANG_WARN_OBJC_LITERAL_CONVERSION = YES;
				CLANG_WARN_OBJC_ROOT_CLASS = YES_ERROR;
				CLANG_WARN_QUOTED_INCLUDE_IN_FRAMEWORK_HEADER = YES;
				CLANG_WARN_RANGE_LOOP_ANALYSIS = YES;
				CLANG_WARN_STRICT_PROTOTYPES = YES;
				CLANG_WARN_SUSPICIOUS_MOVE = YES;
				CLANG_WARN_UNGUARDED_AVAILABILITY = YES_AGGRESSIVE;
				CLANG_WARN_UNREACHABLE_CODE = YES;
				CLANG_WARN__DUPLICATE_METHOD_MATCH = YES;
				COPY_PHASE_STRIP = NO;
				DEBUG_INFORMATION_FORMAT = "dwarf-with-dsym";
				ENABLE_NS_ASSERTIONS = NO;
				ENABLE_STRICT_OBJC_MSGSEND = YES;
				GCC_C_LANGUAGE_STANDARD = gnu11;
				GCC_NO_COMMON_BLOCKS = YES;
				GCC_WARN_64_TO_32_BIT_CONVERSION = YES;
				GCC_WARN_ABOUT_RETURN_TYPE = YES_ERROR;
				GCC_WARN_UNDECLARED_SELECTOR = YES;
				GCC_WARN_UNINITIALIZED_AUTOS = YES_AGGRESSIVE;
				GCC_WARN_UNUSED_FUNCTION = YES;
				GCC_WARN_UNUSED_VARIABLE = YES;
				IPHONEOS_DEPLOYMENT_TARGET = 15.5;
				MTL_ENABLE_DEBUG_INFO = NO;
				MTL_FAST_MATH = YES;
				SDKROOT = iphoneos;
				SWIFT_COMPILATION_MODE = wholemodule;
				SWIFT_OPTIMIZATION_LEVEL = "-O";
				VALIDATE_PRODUCT = YES;
			};
			name = Release;
		};
		78BB92E2292B2D15007DFB57 /* Debug */ = {
			isa = XCBuildConfiguration;
			buildSettings = {
				ASSETCATALOG_COMPILER_APPICON_NAME = AppIcon;
				ASSETCATALOG_COMPILER_GLOBAL_ACCENT_COLOR_NAME = AccentColor;
				CLANG_ENABLE_MODULES = YES;
				CODE_SIGN_STYLE = Manual;
				CURRENT_PROJECT_VERSION = 1;
				DEVELOPMENT_TEAM = "";
				GENERATE_INFOPLIST_FILE = YES;
				INFOPLIST_FILE = Demo/Info.plist;
				INFOPLIST_KEY_UIApplicationSupportsIndirectInputEvents = YES;
				INFOPLIST_KEY_UILaunchStoryboardName = LaunchScreen;
				INFOPLIST_KEY_UIMainStoryboardFile = Main;
				INFOPLIST_KEY_UISupportedInterfaceOrientations_iPad = "UIInterfaceOrientationPortrait UIInterfaceOrientationPortraitUpsideDown UIInterfaceOrientationLandscapeLeft UIInterfaceOrientationLandscapeRight";
				INFOPLIST_KEY_UISupportedInterfaceOrientations_iPhone = "UIInterfaceOrientationPortrait UIInterfaceOrientationLandscapeLeft UIInterfaceOrientationLandscapeRight";
				IPHONEOS_DEPLOYMENT_TARGET = 14.0;
				LD_RUNPATH_SEARCH_PATHS = (
					"$(inherited)",
					"@executable_path/Frameworks",
				);
				MARKETING_VERSION = 1.6;
				PRODUCT_BUNDLE_IDENTIFIER = com.insite.repeato;
				PRODUCT_NAME = "$(TARGET_NAME)";
				PROVISIONING_PROFILE_SPECIFIER = "";
				SWIFT_EMIT_LOC_STRINGS = YES;
				SWIFT_OBJC_BRIDGING_HEADER = "";
				SWIFT_OPTIMIZATION_LEVEL = "-Onone";
				SWIFT_VERSION = 5.0;
				TARGETED_DEVICE_FAMILY = "1,2";
			};
			name = Debug;
		};
		78BB92E3292B2D15007DFB57 /* Release */ = {
			isa = XCBuildConfiguration;
			buildSettings = {
				ASSETCATALOG_COMPILER_APPICON_NAME = AppIcon;
				ASSETCATALOG_COMPILER_GLOBAL_ACCENT_COLOR_NAME = AccentColor;
				CLANG_ENABLE_MODULES = YES;
				CODE_SIGN_STYLE = Manual;
				CURRENT_PROJECT_VERSION = 1;
				DEVELOPMENT_TEAM = "";
				GENERATE_INFOPLIST_FILE = YES;
				INFOPLIST_FILE = Demo/Info.plist;
				INFOPLIST_KEY_UIApplicationSupportsIndirectInputEvents = YES;
				INFOPLIST_KEY_UILaunchStoryboardName = LaunchScreen;
				INFOPLIST_KEY_UIMainStoryboardFile = Main;
				INFOPLIST_KEY_UISupportedInterfaceOrientations_iPad = "UIInterfaceOrientationPortrait UIInterfaceOrientationPortraitUpsideDown UIInterfaceOrientationLandscapeLeft UIInterfaceOrientationLandscapeRight";
				INFOPLIST_KEY_UISupportedInterfaceOrientations_iPhone = "UIInterfaceOrientationPortrait UIInterfaceOrientationLandscapeLeft UIInterfaceOrientationLandscapeRight";
				IPHONEOS_DEPLOYMENT_TARGET = 14.0;
				LD_RUNPATH_SEARCH_PATHS = (
					"$(inherited)",
					"@executable_path/Frameworks",
				);
				MARKETING_VERSION = 1.6;
				PRODUCT_BUNDLE_IDENTIFIER = com.insite.repeato;
				PRODUCT_NAME = "$(TARGET_NAME)";
				PROVISIONING_PROFILE_SPECIFIER = "";
				SWIFT_EMIT_LOC_STRINGS = YES;
				SWIFT_OBJC_BRIDGING_HEADER = "";
				SWIFT_VERSION = 5.0;
				TARGETED_DEVICE_FAMILY = "1,2";
			};
			name = Release;
		};
/* End XCBuildConfiguration section */

/* Begin XCConfigurationList section */
		78BB92C8292B2D12007DFB57 /* Build configuration list for PBXProject "Repeato" */ = {
			isa = XCConfigurationList;
			buildConfigurations = (
				78BB92DF292B2D15007DFB57 /* Debug */,
				78BB92E0292B2D15007DFB57 /* Release */,
			);
			defaultConfigurationIsVisible = 0;
			defaultConfigurationName = Release;
		};
		78BB92E1292B2D15007DFB57 /* Build configuration list for PBXNativeTarget "Repeato" */ = {
			isa = XCConfigurationList;
			buildConfigurations = (
				78BB92E2292B2D15007DFB57 /* Debug */,
				78BB92E3292B2D15007DFB57 /* Release */,
			);
			defaultConfigurationIsVisible = 0;
			defaultConfigurationName = Release;
		};
/* End XCConfigurationList section */
	};
	rootObject = 78BB92C5292B2D12007DFB57 /* Project object */;
}
